
Microsoft Visual Studio Solution File, Format Version 12.00
# Visual Studio Version 17
VisualStudioVersion = 17.13.35931.197 d17.13
MinimumVisualStudioVersion = 10.0.40219.1
Project("{FAE04EC0-301F-11D3-BF4B-00C04F79EFBC}") = "WinFormExample", "WinFormExample\WinFormExample.csproj", "{155FC5FB-9472-4408-BBA0-978022883037}"
EndProject
Global
	GlobalSection(SolutionConfigurationPlatforms) = preSolution
		Debug|Any CPU = Debug|Any CPU
		Release|Any CPU = Release|Any CPU
	EndGlobalSection
	GlobalSection(ProjectConfigurationPlatforms) = postSolution
		{155FC5FB-9472-4408-BBA0-978022883037}.Debug|Any CPU.ActiveCfg = Debug|Any CPU
		{155FC5FB-9472-4408-BBA0-978022883037}.Debug|Any CPU.Build.0 = Debug|Any CPU
		{155FC5FB-9472-4408-BBA0-978022883037}.Release|Any CPU.ActiveCfg = Release|Any CPU
		{155FC5FB-9472-4408-BBA0-978022883037}.Release|Any CPU.Build.0 = Release|Any CPU
	EndGlobalSection
	GlobalSection(SolutionProperties) = preSolution
		HideSolutionNode = FALSE
	EndGlobalSection
	GlobalSection(ExtensibilityGlobals) = postSolution
		SolutionGuid = {B6FC67F7-27CE-4B13-B2FB-9C22AC38EF3F}
	EndGlobalSection
EndGlobal
